Microsoft Visual Studio Solution File, Format Version 10.00
# Visual Studio 2008
Project("{8BC9CEB8-8B4A-11D0-8D11-00A0C91BC942}") = "CDtest", "CDtest.vcproj", "{5EE3D8D9-5F2E-4DA1-AB60-068DAA45CBBE}"
	ProjectSection(ProjectDependencies) = postProject
		{1E195C34-9C34-4E58-93F8-8E047AFA0FBB} = {1E195C34-9C34-4E58-93F8-8E047AFA0FBB}
	EndProjectSection
EndProject
Project("{8BC9CEB8-8B4A-11D0-8D11-00A0C91BC942}") = "TDODDLib", "TDODDLib\TDODDLib\TDODDLib.vcproj", "{1E195C34-9C34-4E58-93F8-8E047AFA0FBB}"
EndProject
Global
	GlobalSection(SolutionConfigurationPlatforms) = preSolution
		Debug(CDtest)|Win32 = Debug(CDtest)|Win32
		Debug(DVDtest)|Win32 = Debug(DVDtest)|Win32
		Release(CDtest)|Win32 = Release(CDtest)|Win32
		Release(DVDtest)|Win32 = Release(DVDtest)|Win32
	EndGlobalSection
	GlobalSection(ProjectConfigurationPlatforms) = postSolution
		{5EE3D8D9-5F2E-4DA1-AB60-068DAA45CBBE}.Debug(CDtest)|Win32.ActiveCfg = Debug(CDtest)|Win32
		{5EE3D8D9-5F2E-4DA1-AB60-068DAA45CBBE}.Debug(CDtest)|Win32.Build.0 = Debug(CDtest)|Win32
		{5EE3D8D9-5F2E-4DA1-AB60-068DAA45CBBE}.Debug(DVDtest)|Win32.ActiveCfg = Debug(DVDtest)|Win32
		{5EE3D8D9-5F2E-4DA1-AB60-068DAA45CBBE}.Debug(DVDtest)|Win32.Build.0 = Debug(DVDtest)|Win32
		{5EE3D8D9-5F2E-4DA1-AB60-068DAA45CBBE}.Release(CDtest)|Win32.ActiveCfg = Release(CDtest)|Win32
		{5EE3D8D9-5F2E-4DA1-AB60-068DAA45CBBE}.Release(CDtest)|Win32.Build.0 = Release(CDtest)|Win32
		{5EE3D8D9-5F2E-4DA1-AB60-068DAA45CBBE}.Release(DVDtest)|Win32.ActiveCfg = Release(DVDtest)|Win32
		{5EE3D8D9-5F2E-4DA1-AB60-068DAA45CBBE}.Release(DVDtest)|Win32.Build.0 = Release(DVDtest)|Win32
		{1E195C34-9C34-4E58-93F8-8E047AFA0FBB}.Debug(CDtest)|Win32.ActiveCfg = Debug(CDtest)|Win32
		{1E195C34-9C34-4E58-93F8-8E047AFA0FBB}.Debug(CDtest)|Win32.Build.0 = Debug(CDtest)|Win32
		{1E195C34-9C34-4E58-93F8-8E047AFA0FBB}.Debug(DVDtest)|Win32.ActiveCfg = Debug(DVDtest)|Win32
		{1E195C34-9C34-4E58-93F8-8E047AFA0FBB}.Debug(DVDtest)|Win32.Build.0 = Debug(DVDtest)|Win32
		{1E195C34-9C34-4E58-93F8-8E047AFA0FBB}.Release(CDtest)|Win32.ActiveCfg = Release(CDtest)|Win32
		{1E195C34-9C34-4E58-93F8-8E047AFA0FBB}.Release(CDtest)|Win32.Build.0 = Release(CDtest)|Win32
		{1E195C34-9C34-4E58-93F8-8E047AFA0FBB}.Release(DVDtest)|Win32.ActiveCfg = Release(DVDtest)|Win32
		{1E195C34-9C34-4E58-93F8-8E047AFA0FBB}.Release(DVDtest)|Win32.Build.0 = Release(DVDtest)|Win32
	EndGlobalSection
	GlobalSection(SolutionProperties) = preSolution
		HideSolutionNode = FALSE
	EndGlobalSection
EndGlobal
